lockVersion: 2.0.0
id: 57e12120-c0fa-4265-a070-90bab99819e6
management:
  docChecksum: 1bdb7a6f8bf3995d4b40475228403253
  docVersion: 1.0.0
  speakeasyVersion: internal
  generationVersion: 2.230.3
  releaseVersion: 0.5.2
  configChecksum: 691f02e12d13bc219d4ef3386e7193ba
  repoURL: https://github.com/speakeasy-sdks/test11.git
  repoSubDirectory: .
  installationURL: https://github.com/speakeasy-sdks/test11
features:
  typescript:
    core: 3.4.5
    globalServerURLs: 2.82.1
generatedFiles:
  - src/sdk/pets.ts
  - src/sdk/sdk.ts
  - .eslintrc.yml
  - jest.config.js
  - package-lock.json
  - package.json
  - src/index.ts
  - src/internal/utils/contenttype.ts
  - src/internal/utils/headers.ts
  - src/internal/utils/index.ts
  - src/internal/utils/pathparams.ts
  - src/internal/utils/queryparams.ts
  - src/internal/utils/requestbody.ts
  - src/internal/utils/retries.ts
  - src/internal/utils/security.ts
  - src/internal/utils/utils.ts
  - src/sdk/index.ts
  - src/sdk/models/errors/sdkerror.ts
  - src/sdk/types/index.ts
  - src/sdk/types/rfcdate.ts
  - tsconfig.json
  - src/sdk/models/operations/createpets.ts
  - src/sdk/models/operations/listpets.ts
  - src/sdk/models/operations/showpetbyid.ts
  - src/sdk/models/shared/error.ts
  - src/sdk/models/shared/pet.ts
  - src/sdk/models/errors/index.ts
  - src/sdk/models/operations/index.ts
  - src/sdk/models/shared/index.ts
  - docs/sdk/models/operations/createpetsresponse.md
  - docs/sdk/models/operations/listpetsrequest.md
  - docs/sdk/models/operations/listpetsresponse.md
  - docs/sdk/models/operations/showpetbyidrequest.md
  - docs/sdk/models/operations/showpetbyidresponse.md
  - docs/sdk/models/shared/errort.md
  - docs/sdk/models/shared/pet.md
  - docs/sdks/test/README.md
  - docs/sdks/pets/README.md
  - USAGE.md
  - .gitattributes
